# This file is automatically @generated by Cargo.
# It is not intended for manual editing.
version = 3

[[package]]
name = "ahash"
version = "0.8.11"
source = "registry+https://github.com/rust-lang/crates.io-index"
checksum = "e89da841a80418a9b391ebaea17f5c112ffaaa96f621d2c285b5174da76b9011"
dependencies = [
 "cfg-if",
 "getrandom",
 "once_cell",
 "version_check",
 "zerocopy",
]

[[package]]
name = "allocator-api2"
version = "0.2.18"
source = "registry+https://github.com/rust-lang/crates.io-index"
checksum = "5c6cb57a04249c6480766f7f7cef5467412af1490f8d1e243141daddada3264f"

[[package]]
name = "anyhow"
version = "1.0.86"
source = "registry+https://github.com/rust-lang/crates.io-index"
checksum = "b3d1d046238990b9cf5bcde22a3fb3584ee5cf65fb2765f454ed428c7a0063da"

[[package]]
name = "append-only-vec"
version = "0.1.5"
source = "registry+https://github.com/rust-lang/crates.io-index"
checksum = "74d9f7083455f1a474276ccd32374958d2cb591024aac45101c7623b10271347"

[[package]]
name = "atomicell"
version = "0.2.0"
source = "registry+https://github.com/rust-lang/crates.io-index"
checksum = "bf53d6c43ea3fa42a5d18d6060081bcfddeca7c63faa64e65a59c4372bbe173b"

[[package]]
name = "autocfg"
version = "1.3.0"
source = "registry+https://github.com/rust-lang/crates.io-index"
checksum = "0c4b4d0bd25bd0b74681c0ad21497610ce1b7c91b1022cd21c80c6fbdd9476b0"

[[package]]
name = "bincode"
version = "1.3.3"
source = "registry+https://github.com/rust-lang/crates.io-index"
checksum = "b1f45e9417d87227c7a56d22e471c6206462cba514c7590c09aff4cf6d1ddcad"
dependencies = [
 "serde",
]

[[package]]
name = "bitflags"
version = "2.6.0"
source = "registry+https://github.com/rust-lang/crates.io-index"
checksum = "b048fb63fd8b5923fc5aa7b340d8e156aec7ec02f0c78fa8a6ddc2613f6f71de"

[[package]]
name = "bitset-core"
version = "0.1.1"
source = "registry+https://github.com/rust-lang/crates.io-index"
checksum = "f421f1bcb30aa9d851a03c2920ab5d96ca920d5786645a597b5fc37922f8b89e"

[[package]]
name = "bones_ecs"
version = "0.3.0"
source = "registry+https://github.com/rust-lang/crates.io-index"
checksum = "55d23cd7a575b8d83815c7e33b6c330dca839d799b3db2163901d24a412fdc4d"
dependencies = [
 "anyhow",
 "atomicell",
 "bitset-core",
 "bones_schema 0.3.0 (registry+https://github.com/rust-lang/crates.io-index)",
 "bones_utils 0.3.1",
 "once_map",
 "thiserror",
]

[[package]]
name = "bones_ecs"
version = "0.3.0"
source = "git+https://github.com/fishfolk/bones?rev=c149919fe60e57e20e2db1c3711d5b08fe194202#c149919fe60e57e20e2db1c3711d5b08fe194202"
dependencies = [
 "anyhow",
 "atomicell",
 "bitset-core",
 "bones_ecs_macros",
 "bones_schema 0.3.0 (git+https://github.com/fishfolk/bones?rev=c149919fe60e57e20e2db1c3711d5b08fe194202)",
 "bones_utils 0.3.0",
 "once_map",
 "serde",
 "thiserror",
]

[[package]]
name = "bones_ecs_macros"
version = "0.3.0"
source = "git+https://github.com/fishfolk/bones?rev=c149919fe60e57e20e2db1c3711d5b08fe194202#c149919fe60e57e20e2db1c3711d5b08fe194202"
dependencies = [
 "bones_ecs_macros_core",
 "proc-macro2",
]

[[package]]
name = "bones_ecs_macros_core"
version = "0.3.0"
source = "git+https://github.com/fishfolk/bones?rev=c149919fe60e57e20e2db1c3711d5b08fe194202#c149919fe60e57e20e2db1c3711d5b08fe194202"
dependencies = [
 "proc-macro2",
 "quote",
 "syn",
]

[[package]]
name = "bones_schema"
version = "0.3.0"
source = "registry+https://github.com/rust-lang/crates.io-index"
checksum = "cfcb57273b22a8e2375360166fcd891259d90cd2029559d5d03790453457f7a6"
dependencies = [
 "append-only-vec",
 "bones_schema_macros 0.3.1",
 "bones_utils 0.3.1",
 "erased-serde 0.3.31",
 "paste",
 "serde",
 "sptr",
 "stable_deref_trait",
 "ulid",
]

[[package]]
name = "bones_schema"
version = "0.3.0"
source = "git+https://github.com/fishfolk/bones?rev=c149919fe60e57e20e2db1c3711d5b08fe194202#c149919fe60e57e20e2db1c3711d5b08fe194202"
dependencies = [
 "append-only-vec",
 "bones_schema_macros 0.3.0",
 "bones_utils 0.3.0",
 "erased-serde 0.4.5",
 "paste",
 "serde",
 "sptr",
 "stable_deref_trait",
 "ulid",
]

[[package]]
name = "bones_schema_macros"
version = "0.3.0"
source = "git+https://github.com/fishfolk/bones?rev=c149919fe60e57e20e2db1c3711d5b08fe194202#c149919fe60e57e20e2db1c3711d5b08fe194202"
dependencies = [
 "proc-macro2",
 "quote",
 "venial",
]

[[package]]
name = "bones_schema_macros"
version = "0.3.1"
source = "registry+https://github.com/rust-lang/crates.io-index"
checksum = "383b20661cba3e3dbf64517d11ae254f16325525035c06ef5d0d3a7e1a4307ca"
dependencies = [
 "proc-macro2",
 "quote",
 "venial",
]

[[package]]
name = "bones_snap"
version = "0.1.0"
dependencies = [
 "bincode",
 "bones_ecs 0.3.0 (git+https://github.com/fishfolk/bones?rev=c149919fe60e57e20e2db1c3711d5b08fe194202)",
 "serde",
 "snap_macro",
]

[[package]]
name = "bones_utils"
version = "0.3.0"
source = "git+https://github.com/fishfolk/bones?rev=c149919fe60e57e20e2db1c3711d5b08fe194202#c149919fe60e57e20e2db1c3711d5b08fe194202"
dependencies = [
 "bones_utils_macros 0.3.0",
 "branches",
 "futures-lite 2.3.0",
 "fxhash",
 "getrandom",
 "hashbrown",
 "instant",
 "maybe-owned",
 "parking_lot",
 "serde",
 "smallvec",
 "turborand",
 "ulid",
 "ustr",
]

[[package]]
name = "bones_utils"
version = "0.3.1"
source = "registry+https://github.com/rust-lang/crates.io-index"
checksum = "dbd6e85b9aac02aaab374690e2ba5ce1f1b353ae60ddf7ab72e150c3cc64b0da"
dependencies = [
 "bones_utils_macros 0.3.1",
 "branches",
 "futures-lite 1.13.0",
 "fxhash",
 "getrandom",
 "hashbrown",
 "instant",
 "maybe-owned",
 "parking_lot",
 "serde",
 "smallvec",
 "turborand",
 "ulid",
 "ustr",
]

[[package]]
name = "bones_utils_macros"
version = "0.3.0"
source = "git+https://github.com/fishfolk/bones?rev=c149919fe60e57e20e2db1c3711d5b08fe194202#c149919fe60e57e20e2db1c3711d5b08fe194202"
dependencies = [
 "quote",
 "venial",
]

[[package]]
name = "bones_utils_macros"
version = "0.3.1"
source = "registry+https://github.com/rust-lang/crates.io-index"
checksum = "6bef799c442854931e44d23d2f037dea6a752e51eaa47050cbb63e37b88972a6"
dependencies = [
 "quote",
 "venial",
]

[[package]]
name = "branches"
version = "0.1.3"
source = "registry+https://github.com/rust-lang/crates.io-index"
checksum = "7958fb9748a08a6f46ef773e87c43997a844709bc293b4c3de48135debaf9d2a"

[[package]]
name = "bumpalo"
version = "3.16.0"
source = "registry+https://github.com/rust-lang/crates.io-index"
checksum = "79296716171880943b8470b5f8d03aa55eb2e645a4874bdbb28adb49162e012c"

[[package]]
name = "byteorder"
version = "1.5.0"
source = "registry+https://github.com/rust-lang/crates.io-index"
checksum = "1fd0f2584146f6f2ef48085050886acf353beff7305ebd1ae69500e27c67f64b"

[[package]]
name = "cfg-if"
version = "1.0.0"
source = "registry+https://github.com/rust-lang/crates.io-index"
checksum = "baf1de4339761588bc0619e3cbc0120ee582ebb74b53b4efbf79117bd2da40fd"

[[package]]
name = "erased-serde"
version = "0.3.31"
source = "registry+https://github.com/rust-lang/crates.io-index"
checksum = "6c138974f9d5e7fe373eb04df7cae98833802ae4b11c24ac7039a21d5af4b26c"
dependencies = [
 "serde",
]

[[package]]
name = "erased-serde"
version = "0.4.5"
source = "registry+https://github.com/rust-lang/crates.io-index"
checksum = "24e2389d65ab4fab27dc2a5de7b191e1f6617d1f1c8855c0dc569c94a4cbb18d"
dependencies = [
 "serde",
 "typeid",
]

[[package]]
name = "fastrand"
version = "1.9.0"
source = "registry+https://github.com/rust-lang/crates.io-index"
checksum = "e51093e27b0797c359783294ca4f0a911c270184cb10f85783b118614a1501be"
dependencies = [
 "instant",
]

[[package]]
name = "fastrand"
version = "2.1.0"
source = "registry+https://github.com/rust-lang/crates.io-index"
checksum = "9fc0510504f03c51ada170672ac806f1f105a88aa97a5281117e1ddc3368e51a"

[[package]]
name = "futures-core"
version = "0.3.30"
source = "registry+https://github.com/rust-lang/crates.io-index"
checksum = "dfc6580bb841c5a68e9ef15c77ccc837b40a7504914d52e47b8b0e9bbda25a1d"

[[package]]
name = "futures-io"
version = "0.3.30"
source = "registry+https://github.com/rust-lang/crates.io-index"
checksum = "a44623e20b9681a318efdd71c299b6b222ed6f231972bfe2f224ebad6311f0c1"

[[package]]
name = "futures-lite"
version = "1.13.0"
source = "registry+https://github.com/rust-lang/crates.io-index"
checksum = "49a9d51ce47660b1e808d3c990b4709f2f415d928835a17dfd16991515c46bce"
dependencies = [
 "fastrand 1.9.0",
 "futures-core",
 "futures-io",
 "memchr",
 "parking",
 "pin-project-lite",
 "waker-fn",
]

[[package]]
name = "futures-lite"
version = "2.3.0"
source = "registry+https://github.com/rust-lang/crates.io-index"
checksum = "52527eb5074e35e9339c6b4e8d12600c7128b68fb25dcb9fa9dec18f7c25f3a5"
dependencies = [
 "fastrand 2.1.0",
 "futures-core",
 "futures-io",
 "parking",
 "pin-project-lite",
]

[[package]]
name = "fxhash"
version = "0.2.1"
source = "registry+https://github.com/rust-lang/crates.io-index"
checksum = "c31b6d751ae2c7f11320402d34e41349dd1016f8d5d45e48c4312bc8625af50c"
dependencies = [
 "byteorder",
]

[[package]]
name = "getrandom"
version = "0.2.15"
source = "registry+https://github.com/rust-lang/crates.io-index"
checksum = "c4567c8db10ae91089c99af84c68c38da3ec2f087c3f82960bcdbf3656b6f4d7"
dependencies = [
 "cfg-if",
 "js-sys",
 "libc",
 "wasi",
 "wasm-bindgen",
]

[[package]]
name = "hashbrown"
version = "0.14.5"
source = "registry+https://github.com/rust-lang/crates.io-index"
checksum = "e5274423e17b7c9fc20b6e7e208532f9b19825d82dfd615708b70edd83df41f1"
dependencies = [
 "ahash",
 "allocator-api2",
 "serde",
]

[[package]]
name = "heck"
version = "0.5.0"
source = "registry+https://github.com/rust-lang/crates.io-index"
checksum = "2304e00983f87ffb38b55b444b5e3b60a884b5d30c0fca7d82fe33449bbe55ea"

[[package]]
name = "instant"
version = "0.1.13"
source = "registry+https://github.com/rust-lang/crates.io-index"
checksum = "e0242819d153cba4b4b05a5a8f2a7e9bbf97b6055b2a002b395c96b5ff3c0222"
dependencies = [
 "cfg-if",
 "js-sys",
 "wasm-bindgen",
 "web-sys",
]

[[package]]
name = "js-sys"
version = "0.3.70"
source = "registry+https://github.com/rust-lang/crates.io-index"
checksum = "1868808506b929d7b0cfa8f75951347aa71bb21144b7791bae35d9bccfcfe37a"
dependencies = [
 "wasm-bindgen",
]

[[package]]
name = "lazy_static"
version = "1.5.0"
source = "registry+https://github.com/rust-lang/crates.io-index"
checksum = "bbd2bcb4c963f2ddae06a2efc7e9f3591312473c50c6685e1f298068316e66fe"

[[package]]
name = "libc"
version = "0.2.155"
source = "registry+https://github.com/rust-lang/crates.io-index"
checksum = "97b3888a4aecf77e811145cadf6eef5901f4782c53886191b2f693f24761847c"

[[package]]
name = "lock_api"
version = "0.4.12"
source = "registry+https://github.com/rust-lang/crates.io-index"
checksum = "07af8b9cdd281b7915f413fa73f29ebd5d55d0d3f0155584dade1ff18cea1b17"
dependencies = [
 "autocfg",
 "scopeguard",
]

[[package]]
name = "log"
version = "0.4.22"
source = "registry+https://github.com/rust-lang/crates.io-index"
checksum = "a7a70ba024b9dc04c27ea2f0c0548feb474ec5c54bba33a7f72f873a39d07b24"

[[package]]
name = "maybe-owned"
version = "0.3.4"
source = "registry+https://github.com/rust-lang/crates.io-index"
checksum = "4facc753ae494aeb6e3c22f839b158aebd4f9270f55cd3c79906c45476c47ab4"

[[package]]
name = "memchr"
version = "2.7.4"
source = "registry+https://github.com/rust-lang/crates.io-index"
checksum = "78ca9ab1a0babb1e7d5695e3530886289c18cf2f87ec19a575a0abdce112e3a3"

[[package]]
name = "once_cell"
version = "1.19.0"
source = "registry+https://github.com/rust-lang/crates.io-index"
checksum = "3fdb12b2476b595f9358c5161aa467c2438859caa136dec86c26fdd2efe17b92"

[[package]]
name = "once_map"
version = "0.4.18"
source = "registry+https://github.com/rust-lang/crates.io-index"
checksum = "aa7085055bbe9c8edbd982048dbcf8181794d4a81cb04a11931673e63cc18dc6"
dependencies = [
 "ahash",
 "hashbrown",
 "parking_lot",
 "stable_deref_trait",
]

[[package]]
name = "parking"
version = "2.2.0"
source = "registry+https://github.com/rust-lang/crates.io-index"
checksum = "bb813b8af86854136c6922af0598d719255ecb2179515e6e7730d468f05c9cae"

[[package]]
name = "parking_lot"
version = "0.12.3"
source = "registry+https://github.com/rust-lang/crates.io-index"
checksum = "f1bf18183cf54e8d6059647fc3063646a1801cf30896933ec2311622cc4b9a27"
dependencies = [
 "lock_api",
 "parking_lot_core",
]

[[package]]
name = "parking_lot_core"
version = "0.9.10"
source = "registry+https://github.com/rust-lang/crates.io-index"
checksum = "1e401f977ab385c9e4e3ab30627d6f26d00e2c73eef317493c4ec6d468726cf8"
dependencies = [
 "cfg-if",
 "libc",
 "redox_syscall",
 "smallvec",
 "windows-targets",
]

[[package]]
name = "paste"
version = "1.0.15"
source = "registry+https://github.com/rust-lang/crates.io-index"
checksum = "57c0d7b74b563b49d38dae00a0c37d4d6de9b432382b2892f0574ddcae73fd0a"

[[package]]
name = "pin-project-lite"
version = "0.2.14"
source = "registry+https://github.com/rust-lang/crates.io-index"
checksum = "bda66fc9667c18cb2758a2ac84d1167245054bcf85d5d1aaa6923f45801bdd02"

[[package]]
name = "ppv-lite86"
version = "0.2.20"
source = "registry+https://github.com/rust-lang/crates.io-index"
checksum = "77957b295656769bb8ad2b6a6b09d897d94f05c41b069aede1fcdaa675eaea04"
dependencies = [
 "zerocopy",
]

[[package]]
name = "proc-macro2"
version = "1.0.86"
source = "registry+https://github.com/rust-lang/crates.io-index"
checksum = "5e719e8df665df0d1c8fbfd238015744736151d4445ec0836b8e628aae103b77"
dependencies = [
 "unicode-ident",
]

[[package]]
name = "quote"
version = "1.0.36"
source = "registry+https://github.com/rust-lang/crates.io-index"
checksum = "0fa76aaf39101c457836aec0ce2316dbdc3ab723cdda1c6bd4e6ad4208acaca7"
dependencies = [
 "proc-macro2",
]

[[package]]
name = "rand"
version = "0.8.5"
source = "registry+https://github.com/rust-lang/crates.io-index"
checksum = "34af8d1a0e25924bc5b7c43c079c942339d8f0a8b57c39049bef581b46327404"
dependencies = [
 "libc",
 "rand_chacha",
 "rand_core",
]

[[package]]
name = "rand_chacha"
version = "0.3.1"
source = "registry+https://github.com/rust-lang/crates.io-index"
checksum = "e6c10a63a0fa32252be49d21e7709d4d4baf8d231c2dbce1eaa8141b9b127d88"
dependencies = [
 "ppv-lite86",
 "rand_core",
]

[[package]]
name = "rand_core"
version = "0.6.4"
source = "registry+https://github.com/rust-lang/crates.io-index"
checksum = "ec0be4795e2f6a28069bec0b5ff3e2ac9bafc99e6a9a7dc3547996c5c816922c"
dependencies = [
 "getrandom",
]

[[package]]
name = "redox_syscall"
version = "0.5.3"
source = "registry+https://github.com/rust-lang/crates.io-index"
checksum = "2a908a6e00f1fdd0dfd9c0eb08ce85126f6d8bbda50017e74bc4a4b7d4a926a4"
dependencies = [
 "bitflags",
]

[[package]]
name = "scopeguard"
version = "1.2.0"
source = "registry+https://github.com/rust-lang/crates.io-index"
checksum = "94143f37725109f92c262ed2cf5e59bce7498c01bcc1502d7b9afe439a4e9f49"

[[package]]
name = "serde"
version = "1.0.207"
source = "registry+https://github.com/rust-lang/crates.io-index"
checksum = "5665e14a49a4ea1b91029ba7d3bca9f299e1f7cfa194388ccc20f14743e784f2"
dependencies = [
 "serde_derive",
]

[[package]]
name = "serde_derive"
version = "1.0.207"
source = "registry+https://github.com/rust-lang/crates.io-index"
checksum = "6aea2634c86b0e8ef2cfdc0c340baede54ec27b1e46febd7f80dffb2aa44a00e"
dependencies = [
 "proc-macro2",
 "quote",
 "syn",
]

[[package]]
name = "smallvec"
version = "1.13.2"
source = "registry+https://github.com/rust-lang/crates.io-index"
checksum = "3c5e1a9a646d36c3599cd173a41282daf47c44583ad367b8e6837255952e5c67"

[[package]]
name = "snap_core"
version = "0.1.0"
dependencies = [
 "bones_ecs 0.3.0 (registry+https://github.com/rust-lang/crates.io-index)",
 "heck",
 "proc-macro2",
 "quote",
 "syn",
]

[[package]]
name = "snap_macro"
version = "0.1.0"
dependencies = [
 "snap_core",
 "syn",
]

[[package]]
name = "sptr"
version = "0.3.2"
source = "registry+https://github.com/rust-lang/crates.io-index"
checksum = "3b9b39299b249ad65f3b7e96443bad61c02ca5cd3589f46cb6d610a0fd6c0d6a"

[[package]]
name = "stable_deref_trait"
version = "1.2.0"
source = "registry+https://github.com/rust-lang/crates.io-index"
checksum = "a8f112729512f8e442d81f95a8a7ddf2b7c6b8a1a6f509a95864142b30cab2d3"

[[package]]
name = "syn"
version = "2.0.74"
source = "registry+https://github.com/rust-lang/crates.io-index"
checksum = "1fceb41e3d546d0bd83421d3409b1460cc7444cd389341a4c880fe7a042cb3d7"
dependencies = [
 "proc-macro2",
 "quote",
 "unicode-ident",
]

[[package]]
name = "thiserror"
version = "1.0.63"
source = "registry+https://github.com/rust-lang/crates.io-index"
checksum = "c0342370b38b6a11b6cc11d6a805569958d54cfa061a29969c3b5ce2ea405724"
dependencies = [
 "thiserror-impl",
]

[[package]]
name = "thiserror-impl"
version = "1.0.63"
source = "registry+https://github.com/rust-lang/crates.io-index"
checksum = "a4558b58466b9ad7ca0f102865eccc95938dca1a74a856f2b57b6629050da261"
dependencies = [
 "proc-macro2",
 "quote",
 "syn",
]

[[package]]
name = "turborand"
version = "0.10.1"
source = "registry+https://github.com/rust-lang/crates.io-index"
checksum = "ffa9ae3c65785079fa553e8aea4ae4b12579b5c5029b4133b54ea3afb2e3e9fa"
dependencies = [
 "getrandom",
 "instant",
]

[[package]]
name = "typeid"
version = "1.0.0"
source = "registry+https://github.com/rust-lang/crates.io-index"
checksum = "059d83cc991e7a42fc37bd50941885db0888e34209f8cfd9aab07ddec03bc9cf"

[[package]]
name = "ulid"
version = "1.1.3"
source = "registry+https://github.com/rust-lang/crates.io-index"
checksum = "04f903f293d11f31c0c29e4148f6dc0d033a7f80cebc0282bea147611667d289"
dependencies = [
 "getrandom",
 "rand",
 "serde",
 "web-time",
]

[[package]]
name = "unicode-ident"
version = "1.0.12"
source = "registry+https://github.com/rust-lang/crates.io-index"
checksum = "3354b9ac3fae1ff6755cb6db53683adb661634f67557942dea4facebec0fee4b"

[[package]]
name = "ustr"
version = "0.10.0"
source = "registry+https://github.com/rust-lang/crates.io-index"
checksum = "b050b13c1933490b043b8238a75bc7676cb49292f49768c9350eabb284eaeb87"
dependencies = [
 "ahash",
 "byteorder",
 "lazy_static",
 "parking_lot",
 "serde",
]

[[package]]
name = "venial"
version = "0.5.0"
source = "registry+https://github.com/rust-lang/crates.io-index"
checksum = "61584a325b16f97b5b25fcc852eb9550843a251057a5e3e5992d2376f3df4bb2"
dependencies = [
 "proc-macro2",
 "quote",
]

[[package]]
name = "version_check"
version = "0.9.5"
source = "registry+https://github.com/rust-lang/crates.io-index"
checksum = "0b928f33d975fc6ad9f86c8f283853ad26bdd5b10b7f1542aa2fa15e2289105a"

[[package]]
name = "waker-fn"
version = "1.2.0"
source = "registry+https://github.com/rust-lang/crates.io-index"
checksum = "317211a0dc0ceedd78fb2ca9a44aed3d7b9b26f81870d485c07122b4350673b7"

[[package]]
name = "wasi"
version = "0.11.0+wasi-snapshot-preview1"
source = "registry+https://github.com/rust-lang/crates.io-index"
checksum = "9c8d87e72b64a3b4db28d11ce29237c246188f4f51057d65a7eab63b7987e423"

[[package]]
name = "wasm-bindgen"
version = "0.2.93"
source = "registry+https://github.com/rust-lang/crates.io-index"
checksum = "a82edfc16a6c469f5f44dc7b571814045d60404b55a0ee849f9bcfa2e63dd9b5"
dependencies = [
 "cfg-if",
 "once_cell",
 "wasm-bindgen-macro",
]

[[package]]
name = "wasm-bindgen-backend"
version = "0.2.93"
source = "registry+https://github.com/rust-lang/crates.io-index"
checksum = "9de396da306523044d3302746f1208fa71d7532227f15e347e2d93e4145dd77b"
dependencies = [
 "bumpalo",
 "log",
 "once_cell",
 "proc-macro2",
 "quote",
 "syn",
 "wasm-bindgen-shared",
]

[[package]]
name = "wasm-bindgen-macro"
version = "0.2.93"
source = "registry+https://github.com/rust-lang/crates.io-index"
checksum = "585c4c91a46b072c92e908d99cb1dcdf95c5218eeb6f3bf1efa991ee7a68cccf"
dependencies = [
 "quote",
 "wasm-bindgen-macro-support",
]

[[package]]
name = "wasm-bindgen-macro-support"
version = "0.2.93"
source = "registry+https://github.com/rust-lang/crates.io-index"
checksum = "afc340c74d9005395cf9dd098506f7f44e38f2b4a21c6aaacf9a105ea5e1e836"
dependencies = [
 "proc-macro2",
 "quote",
 "syn",
 "wasm-bindgen-backend",
 "wasm-bindgen-shared",
]

[[package]]
name = "wasm-bindgen-shared"
version = "0.2.93"
source = "registry+https://github.com/rust-lang/crates.io-index"
checksum = "c62a0a307cb4a311d3a07867860911ca130c3494e8c2719593806c08bc5d0484"

[[package]]
name = "web-sys"
version = "0.3.70"
source = "registry+https://github.com/rust-lang/crates.io-index"
checksum = "26fdeaafd9bd129f65e7c031593c24d62186301e0c72c8978fa1678be7d532c0"
dependencies = [
 "js-sys",
 "wasm-bindgen",
]

[[package]]
name = "web-time"
version = "1.1.0"
source = "registry+https://github.com/rust-lang/crates.io-index"
checksum = "5a6580f308b1fad9207618087a65c04e7a10bc77e02c8e84e9b00dd4b12fa0bb"
dependencies = [
 "js-sys",
 "wasm-bindgen",
]

[[package]]
name = "windows-targets"
version = "0.52.6"
source = "registry+https://github.com/rust-lang/crates.io-index"
checksum = "9b724f72796e036ab90c1021d4780d4d3d648aca59e491e6b98e725b84e99973"
dependencies = [
 "windows_aarch64_gnullvm",
 "windows_aarch64_msvc",
 "windows_i686_gnu",
 "windows_i686_gnullvm",
 "windows_i686_msvc",
 "windows_x86_64_gnu",
 "windows_x86_64_gnullvm",
 "windows_x86_64_msvc",
]

[[package]]
name = "windows_aarch64_gnullvm"
version = "0.52.6"
source = "registry+https://github.com/rust-lang/crates.io-index"
checksum = "32a4622180e7a0ec044bb555404c800bc9fd9ec262ec147edd5989ccd0c02cd3"

[[package]]
name = "windows_aarch64_msvc"
version = "0.52.6"
source = "registry+https://github.com/rust-lang/crates.io-index"
checksum = "09ec2a7bb152e2252b53fa7803150007879548bc709c039df7627cabbd05d469"

[[package]]
name = "windows_i686_gnu"
version = "0.52.6"
source = "registry+https://github.com/rust-lang/crates.io-index"
checksum = "8e9b5ad5ab802e97eb8e295ac6720e509ee4c243f69d781394014ebfe8bbfa0b"

[[package]]
name = "windows_i686_gnullvm"
version = "0.52.6"
source = "registry+https://github.com/rust-lang/crates.io-index"
checksum = "0eee52d38c090b3caa76c563b86c3a4bd71ef1a819287c19d586d7334ae8ed66"

[[package]]
name = "windows_i686_msvc"
version = "0.52.6"
source = "registry+https://github.com/rust-lang/crates.io-index"
checksum = "240948bc05c5e7c6dabba28bf89d89ffce3e303022809e73deaefe4f6ec56c66"

[[package]]
name = "windows_x86_64_gnu"
version = "0.52.6"
source = "registry+https://github.com/rust-lang/crates.io-index"
checksum = "147a5c80aabfbf0c7d901cb5895d1de30ef2907eb21fbbab29ca94c5b08b1a78"

[[package]]
name = "windows_x86_64_gnullvm"
version = "0.52.6"
source = "registry+https://github.com/rust-lang/crates.io-index"
checksum = "24d5b23dc417412679681396f2b49f3de8c1473deb516bd34410872eff51ed0d"

[[package]]
name = "windows_x86_64_msvc"
version = "0.52.6"
source = "registry+https://github.com/rust-lang/crates.io-index"
checksum = "589f6da84c646204747d1270a2a5661ea66ed1cced2631d546fdfb155959f9ec"

[[package]]
name = "zerocopy"
version = "0.7.35"
source = "registry+https://github.com/rust-lang/crates.io-index"
checksum = "1b9b4fd18abc82b8136838da5d50bae7bdea537c574d8dc1a34ed098d6c166f0"
dependencies = [
 "byteorder",
 "zerocopy-derive",
]

[[package]]
name = "zerocopy-derive"
version = "0.7.35"
source = "registry+https://github.com/rust-lang/crates.io-index"
checksum = "fa4f8080344d4671fb4e831a13ad1e68092748387dfc4f55e356242fae12ce3e"
dependencies = [
 "proc-macro2",
 "quote",
 "syn",
]
